// !$*UTF8*$!
{
	archiveVersion = 1;
	classes = {
	};
	objectVersion = 50;
	objects = {

/* Begin PBXBuildFile section */
		AB13ED8C26BF6B21002F56FF /* AppDelegate.swift in Sources */ = {isa = PBXBuildFile; fileRef = AB13ED8B26BF6B21002F56FF /* AppDelegate.swift */; };
		AB13ED8E26BF6B21002F56FF /* SceneDelegate.swift in Sources */ = {isa = PBXBuildFile; fileRef = AB13ED8D26BF6B21002F56FF /* SceneDelegate.swift */; };
		AB13ED9026BF6B21002F56FF /* ViewController.swift in Sources */ = {isa = PBXBuildFile; fileRef = AB13ED8F26BF6B21002F56FF /* ViewController.swift */; };
		AB13ED9326BF6B21002F56FF /* Main.storyboard in Resources */ = {isa = PBXBuildFile; fileRef = AB13ED9126BF6B21002F56FF /* Main.storyboard */; };
		AB13ED9526BF6B22002F56FF /* Assets.xcassets in Resources */ = {isa = PBXBuildFile; fileRef = AB13ED9426BF6B22002F56FF /* Assets.xcassets */; };
		AB13ED9826BF6B22002F56FF /* LaunchScreen.storyboard in Resources */ = {isa = PBXBuildFile; fileRef = AB13ED9626BF6B22002F56FF /* LaunchScreen.storyboard */; };
		C9CC90CB2763F3F25C0FCF48 /* Pods_UITableView_Practice.framework in Frameworks */ = {isa = PBXBuildFile; fileRef = 72F0ADFCD39AE0F56241E9D0 /* Pods_UITableView_Practice.framework */; };
/* End PBXBuildFile section */

/* Begin PBXFileReference section */
		3A61FEE94136B06A81F0583C /* Pods-UITableView-Practice.release.xcconfig */ = {isa = PBXFileReference; includeInIndex = 1; lastKnownFileType = text.xcconfig; name = "Pods-UITableView-Practice.release.xcconfig"; path = "Target Support Files/Pods-UITableView-Practice/Pods-UITableView-Practice.release.xcconfig"; sourceTree = "<group>"; };
		4F54272D0F7F429FEB3B5AF1 /* Pods-UITableView-Practice.debug.xcconfig */ = {isa = PBXFileReference; includeInIndex = 1; lastKnownFileType = text.xcconfig; name = "Pods-UITableView-Practice.debug.xcconfig"; path = "Target Support Files/Pods-UITableView-Practice/Pods-UITableView-Practice.debug.xcconfig"; sourceTree = "<group>"; };
		72F0ADFCD39AE0F56241E9D0 /* Pods_UITableView_Practice.framework */ = {isa = PBXFileReference; explicitFileType = wrapper.framework; includeInIndex = 0; path = Pods_UITableView_Practice.framework; sourceTree = BUILT_PRODUCTS_DIR; };
		AB13ED8826BF6B21002F56FF /* UITableView-Practice.app */ = {isa = PBXFileReference; explicitFileType = wrapper.application; includeInIndex = 0; path = "UITableView-Practice.app"; sourceTree = BUILT_PRODUCTS_DIR; };
		AB13ED8B26BF6B21002F56FF /* AppDelegate.swift */ = {isa = PBXFileReference; lastKnownFileType = sourcecode.swift; path = AppDelegate.swift; sourceTree = "<group>"; };
		AB13ED8D26BF6B21002F56FF /* SceneDelegate.swift */ = {isa = PBXFileReference; lastKnownFileType = sourcecode.swift; path = SceneDelegate.swift; sourceTree = "<group>"; };
		AB13ED8F26BF6B21002F56FF /* ViewController.swift */ = {isa = PBXFileReference; lastKnownFileType = sourcecode.swift; path = ViewController.swift; sourceTree = "<group>"; };
		AB13ED9226BF6B21002F56FF /* Base */ = {isa = PBXFileReference; lastKnownFileType = file.storyboard; name = Base; path = Base.lproj/Main.storyboard; sourceTree = "<group>"; };
		AB13ED9426BF6B22002F56FF /* Assets.xcassets */ = {isa = PBXFileReference; lastKnownFileType = folder.assetcatalog; path = Assets.xcassets; sourceTree = "<group>"; };
		AB13ED9726BF6B22002F56FF /* Base */ = {isa = PBXFileReference; lastKnownFileType = file.storyboard; name = Base; path = Base.lproj/LaunchScreen.storyboard; sourceTree = "<group>"; };
		AB13ED9926BF6B22002F56FF /* Info.plist */ = {isa = PBXFileReference; lastKnownFileType = text.plist.xml; path = Info.plist; sourceTree = "<group>"; };
/* End PBXFileReference section */

/* Begin PBXFrameworksBuildPhase section */
		AB13ED8526BF6B21002F56FF /* Frameworks */ = {
			isa = PBXFrameworksBuildPhase;
			buildActionMask = 2147483647;
			files = (
				C9CC90CB2763F3F25C0FCF48 /* Pods_UITableView_Practice.framework in Frameworks */,
			);
			runOnlyForDeploymentPostprocessing = 0;
		};
/* End PBXFrameworksBuildPhase section */

/* Begin PBXGroup section */
		7A8079C3D1E9E94EB8981E4E /* Pods */ = {
			isa = PBXGroup;
			children = (
				4F54272D0F7F429FEB3B5AF1 /* Pods-UITableView-Practice.debug.xcconfig */,
				3A61FEE94136B06A81F0583C /* Pods-UITableView-Practice.release.xcconfig */,
			);
			name = Pods;
			path = Pods;
			sourceTree = "<group>";
		};
		AB13ED7F26BF6B21002F56FF = {
			isa = PBXGroup;
			children = (
				AB13ED8A26BF6B21002F56FF /* UITableView-Practice */,
				AB13ED8926BF6B21002F56FF /* Products */,
				7A8079C3D1E9E94EB8981E4E /* Pods */,
				B9478F638B7195E8A6AA9E84 /* Frameworks */,
			);
			sourceTree = "<group>";
		};
		AB13ED8926BF6B21002F56FF /* Products */ = {
			isa = PBXGroup;
			children = (
				AB13ED8826BF6B21002F56FF /* UITableView-Practice.app */,
			);
			name = Products;
			sourceTree = "<group>";
		};
		AB13ED8A26BF6B21002F56FF /* UITableView-Practice */ = {
			isa = PBXGroup;
			children = (
				AB13ED8B26BF6B21002F56FF /* AppDelegate.swift */,
				AB13ED8D26BF6B21002F56FF /* SceneDelegate.swift */,
				AB13ED8F26BF6B21002F56FF /* ViewController.swift */,
				AB13ED9126BF6B21002F56FF /* Main.storyboard */,
				AB13ED9426BF6B22002F56FF /* Assets.xcassets */,
				AB13ED9626BF6B22002F56FF /* LaunchScreen.storyboard */,
				AB13ED9926BF6B22002F56FF /* Info.plist */,
			);
			path = "UITableView-Practice";
			sourceTree = "<group>";
		};
		B9478F638B7195E8A6AA9E84 /* Frameworks */ = {
			isa = PBXGroup;
			children = (
				72F0ADFCD39AE0F56241E9D0 /* Pods_UITableView_Practice.framework */,
			);
			name = Frameworks;
			sourceTree = "<group>";
		};
/* End PBXGroup section */

/* Begin PBXNativeTarget section */
		AB13ED8726BF6B21002F56FF /* UITableView-Practice */ = {
			isa = PBXNativeTarget;
			buildConfigurationList = AB13ED9C26BF6B22002F56FF /* Build configuration list for PBXNativeTarget "UITableView-Practice" */;
			buildPhases = (
				CD23C44F8C763B3D98E67FAD /* [CP] Check Pods Manifest.lock */,
				AB13ED8426BF6B21002F56FF /* Sources */,
				AB13ED8526BF6B21002F56FF /* Frameworks */,
				AB13ED8626BF6B21002F56FF /* Resources */,
				270B4E3BABFA59249C0569DF /* [CP] Embed Pods Frameworks */,
			);
			buildRules = (
			);
			dependencies = (
			);
			name = "UITableView-Practice";
			productName = "UITableView-Practice";
			productReference = AB13ED8826BF6B21002F56FF /* UITableView-Practice.app */;
			productType = "com.apple.product-type.application";
		};
/* End PBXNativeTarget section */

/* Begin PBXProject section */
		AB13ED8026BF6B21002F56FF /* Project object */ = {
			isa = PBXProject;
			attributes = {
				LastSwiftUpdateCheck = 1250;
				LastUpgradeCheck = 1250;
				TargetAttributes = {
					AB13ED8726BF6B21002F56FF = {
						CreatedOnToolsVersion = 12.5.1;
					};
				};
			};
			buildConfigurationList = AB13ED8326BF6B21002F56FF /* Build configuration list for PBXProject "UITableView-Practice" */;
			compatibilityVersion = "Xcode 9.3";
			developmentRegion = en;
			hasScannedForEncodings = 0;
			knownRegions = (
				en,
				Base,
			);
			mainGroup = AB13ED7F26BF6B21002F56FF;
			productRefGroup = AB13ED8926BF6B21002F56FF /* Products */;
			projectDirPath = "";
			projectRoot = "";
			targets = (
				AB13ED8726BF6B21002F56FF /* UITableView-Practice */,
			);
		};
/* End PBXProject section */

/* Begin PBXResourcesBuildPhase section */
		AB13ED8626BF6B21002F56FF /* Resources */ = {
			isa = PBXResourcesBuildPhase;
			buildActionMask = 2147483647;
			files = (
				AB13ED9826BF6B22002F56FF /* LaunchScreen.storyboard in Resources */,
				AB13ED9526BF6B22002F56FF /* Assets.xcassets in Resources */,
				AB13ED9326BF6B21002F56FF /* Main.storyboard in Resources */,
			);
			runOnlyForDeploymentPostprocessing = 0;
		};
/* End PBXResourcesBuildPhase section */

/* Begin PBXShellScriptBuildPhase section */
		270B4E3BABFA59249C0569DF /* [CP] Embed Pods Frameworks */ = {
			isa = PBXShellScriptBuildPhase;
			buildActionMask = 2147483647;
			files = (
			);
			inputFileListPaths = (
				"${PODS_ROOT}/Target Support Files/Pods-UITableView-Practice/Pods-UITableView-Practice-frameworks-${CONFIGURATION}-input-files.xcfilelist",
			);
			name = "[CP] Embed Pods Frameworks";
			outputFileListPaths = (
				"${PODS_ROOT}/Target Support Files/Pods-UITableView-Practice/Pods-UITableView-Practice-frameworks-${CONFIGURATION}-output-files.xcfilelist",
			);
			runOnlyForDeploymentPostprocessing = 0;
			shellPath = /bin/sh;
			shellScript = "\"${PODS_ROOT}/Target Support Files/Pods-UITableView-Practice/Pods-UITableView-Practice-frameworks.sh\"\n";
			showEnvVarsInLog = 0;
		};
		CD23C44F8C763B3D98E67FAD /* [CP] Check Pods Manifest.lock */ = {
			isa = PBXShellScriptBuildPhase;
			buildActionMask = 2147483647;
			files = (
			);
			inputFileListPaths = (
			);
			inputPaths = (
				"${PODS_PODFILE_DIR_PATH}/Podfile.lock",
				"${PODS_ROOT}/Manifest.lock",
			);
			name = "[CP] Check Pods Manifest.lock";
			outputFileListPaths = (
			);
			outputPaths = (
				"$(DERIVED_FILE_DIR)/Pods-UITableView-Practice-checkManifestLockResult.txt",
			);
			runOnlyForDeploymentPostprocessing = 0;
			shellPath = /bin/sh;
			shellScript = "diff \"${PODS_PODFILE_DIR_PATH}/Podfile.lock\" \"${PODS_ROOT}/Manifest.lock\" > /dev/null\nif [ $? != 0 ] ; then\n    # print error to STDERR\n    echo \"error: The sandbox is not in sync with the Podfile.lock. Run 'pod install' or update your CocoaPods installation.\" >&2\n    exit 1\nfi\n# This output is used by Xcode 'outputs' to avoid re-running this script phase.\necho \"SUCCESS\" > \"${SCRIPT_OUTPUT_FILE_0}\"\n";
			showEnvVarsInLog = 0;
		};
/* End PBXShellScriptBuildPhase section */

/* Begin PBXSourcesBuildPhase section */
		AB13ED8426BF6B21002F56FF /* Sources */ = {
			isa = PBXSourcesBuildPhase;
			buildActionMask = 2147483647;
			files = (
				AB13ED9026BF6B21002F56FF /* ViewController.swift in Sources */,
				AB13ED8C26BF6B21002F56FF /* AppDelegate.swift in Sources */,
				AB13ED8E26BF6B21002F56FF /* SceneDelegate.swift in Sources */,
			);
			runOnlyForDeploymentPostprocessing = 0;
		};
/* End PBXSourcesBuildPhase section */

/* Begin PBXVariantGroup section */
		AB13ED9126BF6B21002F56FF /* Main.storyboard */ = {
			isa = PBXVariantGroup;
			children = (
				AB13ED9226BF6B21002F56FF /* Base */,
			);
			name = Main.storyboard;
			sourceTree = "<group>";
		};
		AB13ED9626BF6B22002F56FF /* LaunchScreen.storyboard */ = {
			isa = PBXVariantGroup;
			children = (
				AB13ED9726BF6B22002F56FF /* Base */,
			);
			name = LaunchScreen.storyboard;
			sourceTree = "<group>";
		};
/* End PBXVariantGroup section */

/* Begin XCBuildConfiguration section */
		AB13ED9A26BF6B22002F56FF /* Debug */ = {
			isa = XCBuildConfiguration;
			buildSettings = {
				ALWAYS_SEARCH_USER_PATHS = NO;
				CLANG_ANALYZER_NONNULL = YES;
				CLANG_ANALYZER_NUMBER_OBJECT_CONVERSION = YES_AGGRESSIVE;
				CLANG_CXX_LANGUAGE_STANDARD = "gnu++14";
				CLANG_CXX_LIBRARY = "libc++";
				CLANG_ENABLE_MODULES = YES;
				CLANG_ENABLE_OBJC_ARC = YES;
				CLANG_ENABLE_OBJC_WEAK = YES;
				CLANG_WARN_BLOCK_CAPTURE_AUTORELEASING = YES;
				CLANG_WARN_BOOL_CONVERSION = YES;
				CLANG_WARN_COMMA = YES;
				CLANG_WARN_CONSTANT_CONVERSION = YES;
				CLANG_WARN_DEPRECATED_OBJC_IMPLEMENTATIONS = YES;
				CLANG_WARN_DIRECT_OBJC_ISA_USAGE = YES_ERROR;
				CLANG_WARN_DOCUMENTATION_COMMENTS = YES;
				CLANG_WARN_EMPTY_BODY = YES;
				CLANG_WARN_ENUM_CONVERSION = YES;
				CLANG_WARN_INFINITE_RECURSION = YES;
				CLANG_WARN_INT_CONVERSION = YES;
				CLANG_WARN_NON_LITERAL_NULL_CONVERSION = YES;
				CLANG_WARN_OBJC_IMPLICIT_RETAIN_SELF = YES;
				CLANG_WARN_OBJC_LITERAL_CONVERSION = YES;
				CLANG_WARN_OBJC_ROOT_CLASS = YES_ERROR;
				CLANG_WARN_QUOTED_INCLUDE_IN_FRAMEWORK_HEADER = YES;
				CLANG_WARN_RANGE_LOOP_ANALYSIS = YES;
				CLANG_WARN_STRICT_PROTOTYPES = YES;
				CLANG_WARN_SUSPICIOUS_MOVE = YES;
				CLANG_WARN_UNGUARDED_AVAILABILITY = YES_AGGRESSIVE;
				CLANG_WARN_UNREACHABLE_CODE = YES;
				CLANG_WARN__DUPLICATE_METHOD_MATCH = YES;
				COPY_PHASE_STRIP = NO;
				DEBUG_INFORMATION_FORMAT = dwarf;
				ENABLE_STRICT_OBJC_MSGSEND = YES;
				ENABLE_TESTABILITY = YES;
				GCC_C_LANGUAGE_STANDARD = gnu11;
				GCC_DYNAMIC_NO_PIC = NO;
				GCC_NO_COMMON_BLOCKS = YES;
				GCC_OPTIMIZATION_LEVEL = 0;
				GCC_PREPROCESSOR_DEFINITIONS = (
					"DEBUG=1",
					"$(inherited)",
				);
				GCC_WARN_64_TO_32_BIT_CONVERSION = YES;
				GCC_WARN_ABOUT_RETURN_TYPE = YES_ERROR;
				GCC_WARN_UNDECLARED_SELECTOR = YES;
				GCC_WARN_UNINITIALIZED_AUTOS = YES_AGGRESSIVE;
				GCC_WARN_UNUSED_FUNCTION = YES;
				GCC_WARN_UNUSED_VARIABLE = YES;
				IPHONEOS_DEPLOYMENT_TARGET = 14.5;
				MTL_ENABLE_DEBUG_INFO = INCLUDE_SOURCE;
				MTL_FAST_MATH = YES;
				ONLY_ACTIVE_ARCH = YES;
				SDKROOT = iphoneos;
				SWIFT_ACTIVE_COMPILATION_CONDITIONS = DEBUG;
				SWIFT_OPTIMIZATION_LEVEL = "-Onone";
			};
			name = Debug;
		};
		AB13ED9B26BF6B22002F56FF /* Release */ = {
			isa = XCBuildConfiguration;
			buildSettings = {
				ALWAYS_SEARCH_USER_PATHS = NO;
				CLANG_ANALYZER_NONNULL = YES;
				CLANG_ANALYZER_NUMBER_OBJECT_CONVERSION = YES_AGGRESSIVE;
				CLANG_CXX_LANGUAGE_STANDARD = "gnu++14";
				CLANG_CXX_LIBRARY = "libc++";
				CLANG_ENABLE_MODULES = YES;
				CLANG_ENABLE_OBJC_ARC = YES;
				CLANG_ENABLE_OBJC_WEAK = YES;
				CLANG_WARN_BLOCK_CAPTURE_AUTORELEASING = YES;
				CLANG_WARN_BOOL_CONVERSION = YES;
				CLANG_WARN_COMMA = YES;
				CLANG_WARN_CONSTANT_CONVERSION = YES;
				CLANG_WARN_DEPRECATED_OBJC_IMPLEMENTATIONS = YES;
				CLANG_WARN_DIRECT_OBJC_ISA_USAGE = YES_ERROR;
				CLANG_WARN_DOCUMENTATION_COMMENTS = YES;
				CLANG_WARN_EMPTY_BODY = YES;
				CLANG_WARN_ENUM_CONVERSION = YES;
				CLANG_WARN_INFINITE_RECURSION = YES;
				CLANG_WARN_INT_CONVERSION = YES;
				CLANG_WARN_NON_LITERAL_NULL_CONVERSION = YES;
				CLANG_WARN_OBJC_IMPLICIT_RETAIN_SELF = YES;
				CLANG_WARN_OBJC_LITERAL_CONVERSION = YES;
				CLANG_WARN_OBJC_ROOT_CLASS = YES_ERROR;
				CLANG_WARN_QUOTED_INCLUDE_IN_FRAMEWORK_HEADER = YES;
				CLANG_WARN_RANGE_LOOP_ANALYSIS = YES;
				CLANG_WARN_STRICT_PROTOTYPES = YES;
				CLANG_WARN_SUSPICIOUS_MOVE = YES;
				CLANG_WARN_UNGUARDED_AVAILABILITY = YES_AGGRESSIVE;
				CLANG_WARN_UNREACHABLE_CODE = YES;
				CLANG_WARN__DUPLICATE_METHOD_MATCH = YES;
				COPY_PHASE_STRIP = NO;
				DEBUG_INFORMATION_FORMAT = "dwarf-with-dsym";
				ENABLE_NS_ASSERTIONS = NO;
				ENABLE_STRICT_OBJC_MSGSEND = YES;
				GCC_C_LANGUAGE_STANDARD = gnu11;
				GCC_NO_COMMON_BLOCKS = YES;
				GCC_WARN_64_TO_32_BIT_CONVERSION = YES;
				GCC_WARN_ABOUT_RETURN_TYPE = YES_ERROR;
				GCC_WARN_UNDECLARED_SELECTOR = YES;
				GCC_WARN_UNINITIALIZED_AUTOS = YES_AGGRESSIVE;
				GCC_WARN_UNUSED_FUNCTION = YES;
				GCC_WARN_UNUSED_VARIABLE = YES;
				IPHONEOS_DEPLOYMENT_TARGET = 14.5;
				MTL_ENABLE_DEBUG_INFO = NO;
				MTL_FAST_MATH = YES;
				SDKROOT = iphoneos;
				SWIFT_COMPILATION_MODE = wholemodule;
				SWIFT_OPTIMIZATION_LEVEL = "-O";
				VALIDATE_PRODUCT = YES;
			};
			name = Release;
		};
		AB13ED9D26BF6B22002F56FF /* Debug */ = {
			isa = XCBuildConfiguration;
			baseConfigurationReference = 4F54272D0F7F429FEB3B5AF1 /* Pods-UITableView-Practice.debug.xcconfig */;
			buildSettings = {
				ASSETCATALOG_COMPILER_APPICON_NAME = AppIcon;
				ASSETCATALOG_COMPILER_GLOBAL_ACCENT_COLOR_NAME = AccentColor;
				CODE_SIGN_STYLE = Automatic;
				DEVELOPMENT_TEAM = 242KS3V77L;
				INFOPLIST_FILE = "UITableView-Practice/Info.plist";
				LD_RUNPATH_SEARCH_PATHS = (
					"$(inherited)",
					"@executable_path/Frameworks",
				);
				PRODUCT_BUNDLE_IDENTIFIER = "oonishireon.UITableView-Practice";
				PRODUCT_NAME = "$(TARGET_NAME)";
				SWIFT_VERSION = 5.0;
				TARGETED_DEVICE_FAMILY = "1,2";
			};
			name = Debug;
		};
		AB13ED9E26BF6B22002F56FF /* Release */ = {
			isa = XCBuildConfiguration;
			baseConfigurationReference = 3A61FEE94136B06A81F0583C /* Pods-UITableView-Practice.release.xcconfig */;
			buildSettings = {
				ASSETCATALOG_COMPILER_APPICON_NAME = AppIcon;
				ASSETCATALOG_COMPILER_GLOBAL_ACCENT_COLOR_NAME = AccentColor;
				CODE_SIGN_STYLE = Automatic;
				DEVELOPMENT_TEAM = 242KS3V77L;
				INFOPLIST_FILE = "UITableView-Practice/Info.plist";
				LD_RUNPATH_SEARCH_PATHS = (
					"$(inherited)",
					"@executable_path/Frameworks",
				);
				PRODUCT_BUNDLE_IDENTIFIER = "oonishireon.UITableView-Practice";
				PRODUCT_NAME = "$(TARGET_NAME)";
				SWIFT_VERSION = 5.0;
				TARGETED_DEVICE_FAMILY = "1,2";
			};
			name = Release;
		};
/* End XCBuildConfiguration section */

/* Begin XCConfigurationList section */
		AB13ED8326BF6B21002F56FF /* Build configuration list for PBXProject "UITableView-Practice" */ = {
			isa = XCConfigurationList;
			buildConfigurations = (
				AB13ED9A26BF6B22002F56FF /* Debug */,
				AB13ED9B26BF6B22002F56FF /* Release */,
			);
			defaultConfigurationIsVisible = 0;
			defaultConfigurationName = Release;
		};
		AB13ED9C26BF6B22002F56FF /* Build configuration list for PBXNativeTarget "UITableView-Practice" */ = {
			isa = XCConfigurationList;
			buildConfigurations = (
				AB13ED9D26BF6B22002F56FF /* Debug */,
				AB13ED9E26BF6B22002F56FF /* Release */,
			);
			defaultConfigurationIsVisible = 0;
			defaultConfigurationName = Release;
		};
/* End XCConfigurationList section */
	};
	rootObject = AB13ED8026BF6B21002F56FF /* Project object */;
}
